
Microsoft Visual Studio Solution File, Format Version 12.00
# Visual Studio 15
VisualStudioVersion = 15.0.27130.2020
MinimumVisualStudioVersion = 10.0.40219.1
Project("{FAE04EC0-301F-11D3-BF4B-00C04F79EFBC}") = "ServerManage", "ServerManage\ServerManage.csproj", "{A963CFB1-B88F-4682-BD00-4FDFE711C1C3}"
EndProject
Global
	GlobalSection(SolutionConfigurationPlatforms) = preSolution
		Debug|Any CPU = Debug|Any CPU
		Release|Any CPU = Release|Any CPU
	EndGlobalSection
	GlobalSection(ProjectConfigurationPlatforms) = postSolution
		{A963CFB1-B88F-4682-BD00-4FDFE711C1C3}.Debug|Any CPU.ActiveCfg = Debug|Any CPU
		{A963CFB1-B88F-4682-BD00-4FDFE711C1C3}.Debug|Any CPU.Build.0 = Debug|Any CPU
		{A963CFB1-B88F-4682-BD00-4FDFE711C1C3}.Release|Any CPU.ActiveCfg = Release|Any CPU
		{A963CFB1-B88F-4682-BD00-4FDFE711C1C3}.Release|Any CPU.Build.0 = Release|Any CPU
	EndGlobalSection
	GlobalSection(SolutionProperties) = preSolution
		HideSolutionNode = FALSE
	EndGlobalSection
	GlobalSection(ExtensibilityGlobals) = postSolution
		SolutionGuid = {738A3372-F7CF-4F7A-BF0A-05D19495997C}
	EndGlobalSection
EndGlobal
